
Microsoft Visual Studio Solution File, Format Version 12.00
# Visual Studio Version 17
VisualStudioVersion = 17.6.33815.320
MinimumVisualStudioVersion = 10.0.40219.1
Project("{FAE04EC0-301F-11D3-BF4B-00C04F79EFBC}") = "Sinav", "Sinav\Sinav.csproj", "{64899BA3-6ADC-4F67-A319-BC21BAF785FD}"
EndProject
Global
	GlobalSection(SolutionConfigurationPlatforms) = preSolution
		Debug|Any CPU = Debug|Any CPU
		Release|Any CPU = Release|Any CPU
	EndGlobalSection
	GlobalSection(ProjectConfigurationPlatforms) = postSolution
		{64899BA3-6ADC-4F67-A319-BC21BAF785FD}.Debug|Any CPU.ActiveCfg = Debug|Any CPU
		{64899BA3-6ADC-4F67-A319-BC21BAF785FD}.Debug|Any CPU.Build.0 = Debug|Any CPU
		{64899BA3-6ADC-4F67-A319-BC21BAF785FD}.Release|Any CPU.ActiveCfg = Release|Any CPU
		{64899BA3-6ADC-4F67-A319-BC21BAF785FD}.Release|Any CPU.Build.0 = Release|Any CPU
	EndGlobalSection
	GlobalSection(SolutionProperties) = preSolution
		HideSolutionNode = FALSE
	EndGlobalSection
	GlobalSection(ExtensibilityGlobals) = postSolution
		SolutionGuid = {7AA353EB-5FD9-4413-9B39-13A1B2C99F80}
	EndGlobalSection
EndGlobal
